
Microsoft Visual Studio Solution File, Format Version 12.00
# Visual Studio Version 17
VisualStudioVersion = 17.0.32014.148
MinimumVisualStudioVersion = 10.0.40219.1
Project("{FAE04EC0-301F-11D3-BF4B-00C04F79EFBC}") = "BEPZA_Loan", "BEPZA_Loan.csproj", "{29998285-C0E2-48DC-95F0-23DFCD916C01}"
EndProject
Global
	GlobalSection(SolutionConfigurationPlatforms) = preSolution
		Debug|Any CPU = Debug|Any CPU
		Release|Any CPU = Release|Any CPU
	EndGlobalSection
	GlobalSection(ProjectConfigurationPlatforms) = postSolution
		{29998285-C0E2-48DC-95F0-23DFCD916C01}.Debug|Any CPU.ActiveCfg = Debug|Any CPU
		{29998285-C0E2-48DC-95F0-23DFCD916C01}.Debug|Any CPU.Build.0 = Debug|Any CPU
		{29998285-C0E2-48DC-95F0-23DFCD916C01}.Release|Any CPU.ActiveCfg = Release|Any CPU
		{29998285-C0E2-48DC-95F0-23DFCD916C01}.Release|Any CPU.Build.0 = Release|Any CPU
	EndGlobalSection
	GlobalSection(SolutionProperties) = preSolution
		HideSolutionNode = FALSE
	EndGlobalSection
	GlobalSection(ExtensibilityGlobals) = postSolution
		SolutionGuid = {F605A4FE-02E5-4561-BD28-C6920C26448B}
	EndGlobalSection
EndGlobal
